
Microsoft Visual Studio Solution File, Format Version 12.00
# Visual Studio 2012
Project("{FAE04EC0-301F-11D3-BF4B-00C04F79EFBC}") = "IntelOrca.Launchpad", "IntelOrca.Launchpad\IntelOrca.Launchpad.csproj", "{FCF77754-C985-4F3D-BE0B-E14011C5DC5B}"
EndProject
Project("{FAE04EC0-301F-11D3-BF4B-00C04F79EFBC}") = "IntelOrca.LaunchpadTests", "IntelOrca.LaunchpadTests\IntelOrca.LaunchpadTests.csproj", "{C2C7FD5A-D56C-4C74-91E3-2D9F5D92FCA3}"
EndProject
Global
	GlobalSection(SolutionConfigurationPlatforms) = preSolution
		Debug|Any CPU = Debug|Any CPU
		Release|Any CPU = Release|Any CPU
	EndGlobalSection
	GlobalSection(ProjectConfigurationPlatforms) = postSolution
		{FCF77754-C985-4F3D-BE0B-E14011C5DC5B}.Debug|Any CPU.ActiveCfg = Debug|Any CPU
		{FCF77754-C985-4F3D-BE0B-E14011C5DC5B}.Debug|Any CPU.Build.0 = Debug|Any CPU
		{FCF77754-C985-4F3D-BE0B-E14011C5DC5B}.Release|Any CPU.ActiveCfg = Release|Any CPU
		{FCF77754-C985-4F3D-BE0B-E14011C5DC5B}.Release|Any CPU.Build.0 = Release|Any CPU
		{C2C7FD5A-D56C-4C74-91E3-2D9F5D92FCA3}.Debug|Any CPU.ActiveCfg = Debug|Any CPU
		{C2C7FD5A-D56C-4C74-91E3-2D9F5D92FCA3}.Debug|Any CPU.Build.0 = Debug|Any CPU
		{C2C7FD5A-D56C-4C74-91E3-2D9F5D92FCA3}.Release|Any CPU.ActiveCfg = Release|Any CPU
		{C2C7FD5A-D56C-4C74-91E3-2D9F5D92FCA3}.Release|Any CPU.Build.0 = Release|Any CPU
	EndGlobalSection
	GlobalSection(SolutionProperties) = preSolution
		HideSolutionNode = FALSE
	EndGlobalSection
EndGlobal
